
Microsoft Visual Studio Solution File, Format Version 12.00
# Visual Studio Version 17
VisualStudioVersion = 17.1.32414.318
MinimumVisualStudioVersion = 10.0.40219.1
Project("{FAE04EC0-301F-11D3-BF4B-00C04F79EFBC}") = "Portfolio", "Portfolio\Portfolio.csproj", "{EA472C02-9FC5-4A57-A05F-EA7305D9A1F3}"
EndProject
Global
	GlobalSection(SolutionConfigurationPlatforms) = preSolution
		Debug|Any CPU = Debug|Any CPU
		Release|Any CPU = Release|Any CPU
	EndGlobalSection
	GlobalSection(ProjectConfigurationPlatforms) = postSolution
		{EA472C02-9FC5-4A57-A05F-EA7305D9A1F3}.Debug|Any CPU.ActiveCfg = Debug|Any CPU
		{EA472C02-9FC5-4A57-A05F-EA7305D9A1F3}.Debug|Any CPU.Build.0 = Debug|Any CPU
		{EA472C02-9FC5-4A57-A05F-EA7305D9A1F3}.Release|Any CPU.ActiveCfg = Release|Any CPU
		{EA472C02-9FC5-4A57-A05F-EA7305D9A1F3}.Release|Any CPU.Build.0 = Release|Any CPU
	EndGlobalSection
	GlobalSection(SolutionProperties) = preSolution
		HideSolutionNode = FALSE
	EndGlobalSection
	GlobalSection(ExtensibilityGlobals) = postSolution
		SolutionGuid = {E1D78F8E-761F-4CB7-8E26-38D793938456}
	EndGlobalSection
EndGlobal
